<?xml version="1.0" encoding="utf-8"?>
<Project ToolsVersion="4.0" xmlns="http://schemas.microsoft.com/developer/msbuild/2003">
  <ItemGroup>
    <Filter Include="Source Files">
      <UniqueIdentifier>{4FC737F1-C7A5-4376-A066-2A32D752A2FF}</UniqueIdentifier>
      <Extensions>cpp;c;cc;cxx;c++;cppm;ixx;def;odl;idl;hpj;bat;asm;asmx</Extensions>
    </Filter>
    <Filter Include="Header Files">
      <UniqueIdentifier>{93995380-89BD-4b04-88EB-625FBE52EBFB}</UniqueIdentifier>
      <Extensions>h;hh;hpp;hxx;h++;hm;inl;inc;ipp;xsd</Extensions>
    </Filter>
    <Filter Include="Resource Files">
      <UniqueIdentifier>{67DA6AB6-F800-4c08-8B7A-83BB121AAD01}</UniqueIdentifier>
      <Extensions>rc;ico;cur;bmp;dlg;rc2;rct;bin;rgs;gif;jpg;jpeg;jpe;resx;tiff;tif;png;wav;mfcribbon-ms</Extensions>
    </Filter>
    <Filter Include="Header Files\public_headers">
      <UniqueIdentifier>{4b73c13f-790f-4382-874e-2c7b9681b855}</UniqueIdentifier>
    </Filter>
    <Filter Include="Header Files\public_headers\timers">
      <UniqueIdentifier>{364e1a30-c51f-41b3-81ba-b8f143c0363c}</UniqueIdentifier>
    </Filter>
    <Filter Include="Header Files\public_headers\benchmark">
      <UniqueIdentifier>{fb255ed2-59a7-4a19-8543-f9458987cdb2}</UniqueIdentifier>
    </Filter>
    <Filter Include="Header Files\public_headers\Format">
      <UniqueIdentifier>{d3bd8661-6cac-45ae-8b48-1f14b0b83f45}</UniqueIdentifier>
    </Filter>
  </ItemGroup>
  <ItemGroup>
    <ClCompile Include="source\entry.cpp">
      <Filter>Source Files</Filter>
    </ClCompile>
    <ClCompile Include="source\BenchmarkRunner.cpp">
      <Filter>Source Files</Filter>
    </ClCompile>
    <ClCompile Include="source\BenchmarkTest.cpp">
      <Filter>Source Files</Filter>
    </ClCompile>
    <ClCompile Include="source\BenchmarkTestId.cpp">
      <Filter>Source Files</Filter>
    </ClCompile>
    <ClCompile Include="source\BenchmarkRunnerImplementation.cpp">
      <Filter>Source Files</Filter>
    </ClCompile>
    <ClCompile Include="source\Logger.cpp">
      <Filter>Source Files</Filter>
    </ClCompile>
    <ClCompile Include="source\BasicLogger.cpp">
      <Filter>Source Files</Filter>
    </ClCompile>
  </ItemGroup>
  <ItemGroup>
    <ClInclude Include="include\public_headers\dllexports.h">
      <Filter>Header Files\public_headers</Filter>
    </ClInclude>
    <ClInclude Include="include\public_headers\TimerResults.h">
      <Filter>Header Files\public_headers\timers</Filter>
    </ClInclude>
    <ClInclude Include="include\public_headers\RaiiTimer.h">
      <Filter>Header Files\public_headers\timers</Filter>
    </ClInclude>
    <ClInclude Include="include\public_headers\timer_defines.h">
      <Filter>Header Files\public_headers\timers</Filter>
    </ClInclude>
    <ClInclude Include="include\public_headers\BenchmarkTestDescriptor.h">
      <Filter>Header Files\public_headers\benchmark</Filter>
    </ClInclude>
    <ClInclude Include="include\public_headers\BenchmarkRunner.h">
      <Filter>Header Files\public_headers\benchmark</Filter>
    </ClInclude>
    <ClInclude Include="include\public_headers\BenchmarkTest.h">
      <Filter>Header Files\public_headers\benchmark</Filter>
    </ClInclude>
    <ClInclude Include="include\public_headers\BenchmarkTestComparitor.h">
      <Filter>Header Files\public_headers\benchmark</Filter>
    </ClInclude>
    <ClInclude Include="include\BenchmarkTestId.h">
      <Filter>Header Files</Filter>
    </ClInclude>
    <ClInclude Include="include\BenchmarkRunnerImplementation.h">
      <Filter>Header Files</Filter>
    </ClInclude>
    <ClInclude Include="include\public_headers\Logger.h">
      <Filter>Header Files\public_headers</Filter>
    </ClInclude>
    <ClInclude Include="include\BasicLogger.h">
      <Filter>Header Files</Filter>
    </ClInclude>
    <ClInclude Include="include\public_headers\formattable.h">
      <Filter>Header Files\public_headers\Format</Filter>
    </ClInclude>
    <ClInclude Include="include\public_headers\Printer.h">
      <Filter>Header Files\public_headers\Format</Filter>
    </ClInclude>
  </ItemGroup>
</Project>